
Microsoft Visual Studio Solution File, Format Version 12.00
# Visual Studio 15
VisualStudioVersion = 15.0.28307.572
MinimumVisualStudioVersion = 10.0.40219.1
Project("{2150E333-8FDC-42A3-9474-1A3956D46DE8}") = "Common", "Common", "{F6789388-6E08-4F74-A897-980FC7F8F20F}"
EndProject
Project("{2150E333-8FDC-42A3-9474-1A3956D46DE8}") = "Integration", "Integration", "{5C796B68-8FB5-43EF-BB5B-E54DE7E258EF}"
EndProject
Project("{9A19103F-16F7-4668-BE54-9A1E7A4F7556}") = "StarterKit.Common", "StarterKit.Common\StarterKit.Common.csproj", "{C28B25D2-1615-4FCA-9F44-229B01C5D2AD}"
EndProject
Project("{9A19103F-16F7-4668-BE54-9A1E7A4F7556}") = "StarterKit.Models", "Models\StarterKit.Models.csproj", "{F6613DB0-518D-4D06-AED9-3A4F4065E28E}"
EndProject
Project("{9A19103F-16F7-4668-BE54-9A1E7A4F7556}") = "StarterKit.ViewModels", "StarterKit.ViewModels\StarterKit.ViewModels.csproj", "{EE8E3761-74C6-4D87-B5B8-B2AB160A8BDE}"
EndProject
Project("{2150E333-8FDC-42A3-9474-1A3956D46DE8}") = "UI", "UI", "{2814448A-8449-4BE5-98F6-F774D3BA9AA7}"
EndProject
Project("{9A19103F-16F7-4668-BE54-9A1E7A4F7556}") = "StarterKit.UI", "StarterKit.UI\StarterKit.UI\StarterKit.UI.csproj", "{ECDD33FA-C727-46DD-9F0B-3E2F97423F5D}"
EndProject
Project("{9A19103F-16F7-4668-BE54-9A1E7A4F7556}") = "StarterKit.Contracts", "StarterKit.Contracts\StarterKit.Contracts.csproj", "{3E534D35-B5A9-458E-8687-A7292A8D416C}"
EndProject
Project("{9A19103F-16F7-4668-BE54-9A1E7A4F7556}") = "StarterKit.RequestHandler", "StarterKit.RequestHandler\StarterKit.RequestHandler.csproj", "{E9EBF5FD-9C2D-4BA0-BBBF-F145563D49D2}"
EndProject
Project("{9A19103F-16F7-4668-BE54-9A1E7A4F7556}") = "StarterKit.SQLite", "StarterKit.SQLite\StarterKit.SQLite.csproj", "{3097F491-9122-432E-9017-DB0AAF3DF289}"
EndProject
Project("{9A19103F-16F7-4668-BE54-9A1E7A4F7556}") = "StarterKit.Components", "StarterKit.Components\StarterKit.Components.csproj", "{AA79B366-C570-4D92-A5D6-390DEAB33696}"
EndProject
Project("{FAE04EC0-301F-11D3-BF4B-00C04F79EFBC}") = "StarterKit.Android", "StarterKit.UI\StarterKit.Android\StarterKit.Android.csproj", "{A6651673-86D0-4D48-863E-AAEA134DC8D0}"
EndProject
Project("{FAE04EC0-301F-11D3-BF4B-00C04F79EFBC}") = "StarterKit.iOS", "StarterKit.UI\StarterKit.iOS\StarterKit.iOS.csproj", "{80E55D2F-B93B-4F8A-AB07-F1F8178B7ADB}"
EndProject
Global
	GlobalSection(SolutionConfigurationPlatforms) = preSolution
		Ad-Hoc|Any CPU = Ad-Hoc|Any CPU
		Ad-Hoc|iPhone = Ad-Hoc|iPhone
		Ad-Hoc|iPhoneSimulator = Ad-Hoc|iPhoneSimulator
		AppStore|Any CPU = AppStore|Any CPU
		AppStore|iPhone = AppStore|iPhone
		AppStore|iPhoneSimulator = AppStore|iPhoneSimulator
		Debug|Any CPU = Debug|Any CPU
		Debug|iPhone = Debug|iPhone
		Debug|iPhoneSimulator = Debug|iPhoneSimulator
		Release|Any CPU = Release|Any CPU
		Release|iPhone = Release|iPhone
		Release|iPhoneSimulator = Release|iPhoneSimulator
	EndGlobalSection
	GlobalSection(ProjectConfigurationPlatforms) = postSolution
		{C28B25D2-1615-4FCA-9F44-229B01C5D2AD}.Ad-Hoc|Any CPU.ActiveCfg = Debug|Any CPU
		{C28B25D2-1615-4FCA-9F44-229B01C5D2AD}.Ad-Hoc|Any CPU.Build.0 = Debug|Any CPU
		{C28B25D2-1615-4FCA-9F44-229B01C5D2AD}.Ad-Hoc|iPhone.ActiveCfg = Debug|Any CPU
		{C28B25D2-1615-4FCA-9F44-229B01C5D2AD}.Ad-Hoc|iPhone.Build.0 = Debug|Any CPU
		{C28B25D2-1615-4FCA-9F44-229B01C5D2AD}.Ad-Hoc|iPhoneSimulator.ActiveCfg = Debug|Any CPU
		{C28B25D2-1615-4FCA-9F44-229B01C5D2AD}.Ad-Hoc|iPhoneSimulator.Build.0 = Debug|Any CPU
		{C28B25D2-1615-4FCA-9F44-229B01C5D2AD}.AppStore|Any CPU.ActiveCfg = Debug|Any CPU
		{C28B25D2-1615-4FCA-9F44-229B01C5D2AD}.AppStore|Any CPU.Build.0 = Debug|Any CPU
		{C28B25D2-1615-4FCA-9F44-229B01C5D2AD}.AppStore|iPhone.ActiveCfg = Debug|Any CPU
		{C28B25D2-1615-4FCA-9F44-229B01C5D2AD}.AppStore|iPhone.Build.0 = Debug|Any CPU
		{C28B25D2-1615-4FCA-9F44-229B01C5D2AD}.AppStore|iPhoneSimulator.ActiveCfg = Debug|Any CPU
		{C28B25D2-1615-4FCA-9F44-229B01C5D2AD}.AppStore|iPhoneSimulator.Build.0 = Debug|Any CPU
		{C28B25D2-1615-4FCA-9F44-229B01C5D2AD}.Debug|Any CPU.ActiveCfg = Debug|Any CPU
		{C28B25D2-1615-4FCA-9F44-229B01C5D2AD}.Debug|Any CPU.Build.0 = Debug|Any CPU
		{C28B25D2-1615-4FCA-9F44-229B01C5D2AD}.Debug|iPhone.ActiveCfg = Debug|Any CPU
		{C28B25D2-1615-4FCA-9F44-229B01C5D2AD}.Debug|iPhone.Build.0 = Debug|Any CPU
		{C28B25D2-1615-4FCA-9F44-229B01C5D2AD}.Debug|iPhoneSimulator.ActiveCfg = Debug|Any CPU
		{C28B25D2-1615-4FCA-9F44-229B01C5D2AD}.Debug|iPhoneSimulator.Build.0 = Debug|Any CPU
		{C28B25D2-1615-4FCA-9F44-229B01C5D2AD}.Release|Any CPU.ActiveCfg = Release|Any CPU
		{C28B25D2-1615-4FCA-9F44-229B01C5D2AD}.Release|Any CPU.Build.0 = Release|Any CPU
		{C28B25D2-1615-4FCA-9F44-229B01C5D2AD}.Release|iPhone.ActiveCfg = Release|Any CPU
		{C28B25D2-1615-4FCA-9F44-229B01C5D2AD}.Release|iPhone.Build.0 = Release|Any CPU
		{C28B25D2-1615-4FCA-9F44-229B01C5D2AD}.Release|iPhoneSimulator.ActiveCfg = Release|Any CPU
		{C28B25D2-1615-4FCA-9F44-229B01C5D2AD}.Release|iPhoneSimulator.Build.0 = Release|Any CPU
		{F6613DB0-518D-4D06-AED9-3A4F4065E28E}.Ad-Hoc|Any CPU.ActiveCfg = Debug|Any CPU
		{F6613DB0-518D-4D06-AED9-3A4F4065E28E}.Ad-Hoc|Any CPU.Build.0 = Debug|Any CPU
		{F6613DB0-518D-4D06-AED9-3A4F4065E28E}.Ad-Hoc|iPhone.ActiveCfg = Debug|Any CPU
		{F6613DB0-518D-4D06-AED9-3A4F4065E28E}.Ad-Hoc|iPhone.Build.0 = Debug|Any CPU
		{F6613DB0-518D-4D06-AED9-3A4F4065E28E}.Ad-Hoc|iPhoneSimulator.ActiveCfg = Debug|Any CPU
		{F6613DB0-518D-4D06-AED9-3A4F4065E28E}.Ad-Hoc|iPhoneSimulator.Build.0 = Debug|Any CPU
		{F6613DB0-518D-4D06-AED9-3A4F4065E28E}.AppStore|Any CPU.ActiveCfg = Debug|Any CPU
		{F6613DB0-518D-4D06-AED9-3A4F4065E28E}.AppStore|Any CPU.Build.0 = Debug|Any CPU
		{F6613DB0-518D-4D06-AED9-3A4F4065E28E}.AppStore|iPhone.ActiveCfg = Debug|Any CPU
		{F6613DB0-518D-4D06-AED9-3A4F4065E28E}.AppStore|iPhone.Build.0 = Debug|Any CPU
		{F6613DB0-518D-4D06-AED9-3A4F4065E28E}.AppStore|iPhoneSimulator.ActiveCfg = Debug|Any CPU
		{F6613DB0-518D-4D06-AED9-3A4F4065E28E}.AppStore|iPhoneSimulator.Build.0 = Debug|Any CPU
		{F6613DB0-518D-4D06-AED9-3A4F4065E28E}.Debug|Any CPU.ActiveCfg = Debug|Any CPU
		{F6613DB0-518D-4D06-AED9-3A4F4065E28E}.Debug|Any CPU.Build.0 = Debug|Any CPU
		{F6613DB0-518D-4D06-AED9-3A4F4065E28E}.Debug|iPhone.ActiveCfg = Debug|Any CPU
		{F6613DB0-518D-4D06-AED9-3A4F4065E28E}.Debug|iPhone.Build.0 = Debug|Any CPU
		{F6613DB0-518D-4D06-AED9-3A4F4065E28E}.Debug|iPhoneSimulator.ActiveCfg = Debug|Any CPU
		{F6613DB0-518D-4D06-AED9-3A4F4065E28E}.Debug|iPhoneSimulator.Build.0 = Debug|Any CPU
		{F6613DB0-518D-4D06-AED9-3A4F4065E28E}.Release|Any CPU.ActiveCfg = Release|Any CPU
		{F6613DB0-518D-4D06-AED9-3A4F4065E28E}.Release|Any CPU.Build.0 = Release|Any CPU
		{F6613DB0-518D-4D06-AED9-3A4F4065E28E}.Release|iPhone.ActiveCfg = Release|Any CPU
		{F6613DB0-518D-4D06-AED9-3A4F4065E28E}.Release|iPhone.Build.0 = Release|Any CPU
		{F6613DB0-518D-4D06-AED9-3A4F4065E28E}.Release|iPhoneSimulator.ActiveCfg = Release|Any CPU
		{F6613DB0-518D-4D06-AED9-3A4F4065E28E}.Release|iPhoneSimulator.Build.0 = Release|Any CPU
		{EE8E3761-74C6-4D87-B5B8-B2AB160A8BDE}.Ad-Hoc|Any CPU.ActiveCfg = Debug|Any CPU
		{EE8E3761-74C6-4D87-B5B8-B2AB160A8BDE}.Ad-Hoc|Any CPU.Build.0 = Debug|Any CPU
		{EE8E3761-74C6-4D87-B5B8-B2AB160A8BDE}.Ad-Hoc|iPhone.ActiveCfg = Debug|Any CPU
		{EE8E3761-74C6-4D87-B5B8-B2AB160A8BDE}.Ad-Hoc|iPhone.Build.0 = Debug|Any CPU
		{EE8E3761-74C6-4D87-B5B8-B2AB160A8BDE}.Ad-Hoc|iPhoneSimulator.ActiveCfg = Debug|Any CPU
		{EE8E3761-74C6-4D87-B5B8-B2AB160A8BDE}.Ad-Hoc|iPhoneSimulator.Build.0 = Debug|Any CPU
		{EE8E3761-74C6-4D87-B5B8-B2AB160A8BDE}.AppStore|Any CPU.ActiveCfg = Debug|Any CPU
		{EE8E3761-74C6-4D87-B5B8-B2AB160A8BDE}.AppStore|Any CPU.Build.0 = Debug|Any CPU
		{EE8E3761-74C6-4D87-B5B8-B2AB160A8BDE}.AppStore|iPhone.ActiveCfg = Debug|Any CPU
		{EE8E3761-74C6-4D87-B5B8-B2AB160A8BDE}.AppStore|iPhone.Build.0 = Debug|Any CPU
		{EE8E3761-74C6-4D87-B5B8-B2AB160A8BDE}.AppStore|iPhoneSimulator.ActiveCfg = Debug|Any CPU
		{EE8E3761-74C6-4D87-B5B8-B2AB160A8BDE}.AppStore|iPhoneSimulator.Build.0 = Debug|Any CPU
		{EE8E3761-74C6-4D87-B5B8-B2AB160A8BDE}.Debug|Any CPU.ActiveCfg = Debug|Any CPU
		{EE8E3761-74C6-4D87-B5B8-B2AB160A8BDE}.Debug|Any CPU.Build.0 = Debug|Any CPU
		{EE8E3761-74C6-4D87-B5B8-B2AB160A8BDE}.Debug|iPhone.ActiveCfg = Debug|Any CPU
		{EE8E3761-74C6-4D87-B5B8-B2AB160A8BDE}.Debug|iPhone.Build.0 = Debug|Any CPU
		{EE8E3761-74C6-4D87-B5B8-B2AB160A8BDE}.Debug|iPhoneSimulator.ActiveCfg = Debug|Any CPU
		{EE8E3761-74C6-4D87-B5B8-B2AB160A8BDE}.Debug|iPhoneSimulator.Build.0 = Debug|Any CPU
		{EE8E3761-74C6-4D87-B5B8-B2AB160A8BDE}.Release|Any CPU.ActiveCfg = Release|Any CPU
		{EE8E3761-74C6-4D87-B5B8-B2AB160A8BDE}.Release|Any CPU.Build.0 = Release|Any CPU
		{EE8E3761-74C6-4D87-B5B8-B2AB160A8BDE}.Release|iPhone.ActiveCfg = Release|Any CPU
		{EE8E3761-74C6-4D87-B5B8-B2AB160A8BDE}.Release|iPhone.Build.0 = Release|Any CPU
		{EE8E3761-74C6-4D87-B5B8-B2AB160A8BDE}.Release|iPhoneSimulator.ActiveCfg = Release|Any CPU
		{EE8E3761-74C6-4D87-B5B8-B2AB160A8BDE}.Release|iPhoneSimulator.Build.0 = Release|Any CPU
		{ECDD33FA-C727-46DD-9F0B-3E2F97423F5D}.Ad-Hoc|Any CPU.ActiveCfg = Debug|Any CPU
		{ECDD33FA-C727-46DD-9F0B-3E2F97423F5D}.Ad-Hoc|Any CPU.Build.0 = Debug|Any CPU
		{ECDD33FA-C727-46DD-9F0B-3E2F97423F5D}.Ad-Hoc|iPhone.ActiveCfg = Debug|Any CPU
		{ECDD33FA-C727-46DD-9F0B-3E2F97423F5D}.Ad-Hoc|iPhone.Build.0 = Debug|Any CPU
		{ECDD33FA-C727-46DD-9F0B-3E2F97423F5D}.Ad-Hoc|iPhoneSimulator.ActiveCfg = Debug|Any CPU
		{ECDD33FA-C727-46DD-9F0B-3E2F97423F5D}.Ad-Hoc|iPhoneSimulator.Build.0 = Debug|Any CPU
		{ECDD33FA-C727-46DD-9F0B-3E2F97423F5D}.AppStore|Any CPU.ActiveCfg = Debug|Any CPU
		{ECDD33FA-C727-46DD-9F0B-3E2F97423F5D}.AppStore|Any CPU.Build.0 = Debug|Any CPU
		{ECDD33FA-C727-46DD-9F0B-3E2F97423F5D}.AppStore|iPhone.ActiveCfg = Debug|Any CPU
		{ECDD33FA-C727-46DD-9F0B-3E2F97423F5D}.AppStore|iPhone.Build.0 = Debug|Any CPU
		{ECDD33FA-C727-46DD-9F0B-3E2F97423F5D}.AppStore|iPhoneSimulator.ActiveCfg = Debug|Any CPU
		{ECDD33FA-C727-46DD-9F0B-3E2F97423F5D}.AppStore|iPhoneSimulator.Build.0 = Debug|Any CPU
		{ECDD33FA-C727-46DD-9F0B-3E2F97423F5D}.Debug|Any CPU.ActiveCfg = Debug|Any CPU
		{ECDD33FA-C727-46DD-9F0B-3E2F97423F5D}.Debug|Any CPU.Build.0 = Debug|Any CPU
		{ECDD33FA-C727-46DD-9F0B-3E2F97423F5D}.Debug|iPhone.ActiveCfg = Debug|Any CPU
		{ECDD33FA-C727-46DD-9F0B-3E2F97423F5D}.Debug|iPhone.Build.0 = Debug|Any CPU
		{ECDD33FA-C727-46DD-9F0B-3E2F97423F5D}.Debug|iPhoneSimulator.ActiveCfg = Debug|Any CPU
		{ECDD33FA-C727-46DD-9F0B-3E2F97423F5D}.Debug|iPhoneSimulator.Build.0 = Debug|Any CPU
		{ECDD33FA-C727-46DD-9F0B-3E2F97423F5D}.Release|Any CPU.ActiveCfg = Release|Any CPU
		{ECDD33FA-C727-46DD-9F0B-3E2F97423F5D}.Release|Any CPU.Build.0 = Release|Any CPU
		{ECDD33FA-C727-46DD-9F0B-3E2F97423F5D}.Release|iPhone.ActiveCfg = Release|Any CPU
		{ECDD33FA-C727-46DD-9F0B-3E2F97423F5D}.Release|iPhone.Build.0 = Release|Any CPU
		{ECDD33FA-C727-46DD-9F0B-3E2F97423F5D}.Release|iPhoneSimulator.ActiveCfg = Release|Any CPU
		{ECDD33FA-C727-46DD-9F0B-3E2F97423F5D}.Release|iPhoneSimulator.Build.0 = Release|Any CPU
		{3E534D35-B5A9-458E-8687-A7292A8D416C}.Ad-Hoc|Any CPU.ActiveCfg = Debug|Any CPU
		{3E534D35-B5A9-458E-8687-A7292A8D416C}.Ad-Hoc|Any CPU.Build.0 = Debug|Any CPU
		{3E534D35-B5A9-458E-8687-A7292A8D416C}.Ad-Hoc|iPhone.ActiveCfg = Debug|Any CPU
		{3E534D35-B5A9-458E-8687-A7292A8D416C}.Ad-Hoc|iPhone.Build.0 = Debug|Any CPU
		{3E534D35-B5A9-458E-8687-A7292A8D416C}.Ad-Hoc|iPhoneSimulator.ActiveCfg = Debug|Any CPU
		{3E534D35-B5A9-458E-8687-A7292A8D416C}.Ad-Hoc|iPhoneSimulator.Build.0 = Debug|Any CPU
		{3E534D35-B5A9-458E-8687-A7292A8D416C}.AppStore|Any CPU.ActiveCfg = Debug|Any CPU
		{3E534D35-B5A9-458E-8687-A7292A8D416C}.AppStore|Any CPU.Build.0 = Debug|Any CPU
		{3E534D35-B5A9-458E-8687-A7292A8D416C}.AppStore|iPhone.ActiveCfg = Debug|Any CPU
		{3E534D35-B5A9-458E-8687-A7292A8D416C}.AppStore|iPhone.Build.0 = Debug|Any CPU
		{3E534D35-B5A9-458E-8687-A7292A8D416C}.AppStore|iPhoneSimulator.ActiveCfg = Debug|Any CPU
		{3E534D35-B5A9-458E-8687-A7292A8D416C}.AppStore|iPhoneSimulator.Build.0 = Debug|Any CPU
		{3E534D35-B5A9-458E-8687-A7292A8D416C}.Debug|Any CPU.ActiveCfg = Debug|Any CPU
		{3E534D35-B5A9-458E-8687-A7292A8D416C}.Debug|Any CPU.Build.0 = Debug|Any CPU
		{3E534D35-B5A9-458E-8687-A7292A8D416C}.Debug|iPhone.ActiveCfg = Debug|Any CPU
		{3E534D35-B5A9-458E-8687-A7292A8D416C}.Debug|iPhone.Build.0 = Debug|Any CPU
		{3E534D35-B5A9-458E-8687-A7292A8D416C}.Debug|iPhoneSimulator.ActiveCfg = Debug|Any CPU
		{3E534D35-B5A9-458E-8687-A7292A8D416C}.Debug|iPhoneSimulator.Build.0 = Debug|Any CPU
		{3E534D35-B5A9-458E-8687-A7292A8D416C}.Release|Any CPU.ActiveCfg = Release|Any CPU
		{3E534D35-B5A9-458E-8687-A7292A8D416C}.Release|Any CPU.Build.0 = Release|Any CPU
		{3E534D35-B5A9-458E-8687-A7292A8D416C}.Release|iPhone.ActiveCfg = Release|Any CPU
		{3E534D35-B5A9-458E-8687-A7292A8D416C}.Release|iPhone.Build.0 = Release|Any CPU
		{3E534D35-B5A9-458E-8687-A7292A8D416C}.Release|iPhoneSimulator.ActiveCfg = Release|Any CPU
		{3E534D35-B5A9-458E-8687-A7292A8D416C}.Release|iPhoneSimulator.Build.0 = Release|Any CPU
		{E9EBF5FD-9C2D-4BA0-BBBF-F145563D49D2}.Ad-Hoc|Any CPU.ActiveCfg = Debug|Any CPU
		{E9EBF5FD-9C2D-4BA0-BBBF-F145563D49D2}.Ad-Hoc|Any CPU.Build.0 = Debug|Any CPU
		{E9EBF5FD-9C2D-4BA0-BBBF-F145563D49D2}.Ad-Hoc|iPhone.ActiveCfg = Debug|Any CPU
		{E9EBF5FD-9C2D-4BA0-BBBF-F145563D49D2}.Ad-Hoc|iPhone.Build.0 = Debug|Any CPU
		{E9EBF5FD-9C2D-4BA0-BBBF-F145563D49D2}.Ad-Hoc|iPhoneSimulator.ActiveCfg = Debug|Any CPU
		{E9EBF5FD-9C2D-4BA0-BBBF-F145563D49D2}.Ad-Hoc|iPhoneSimulator.Build.0 = Debug|Any CPU
		{E9EBF5FD-9C2D-4BA0-BBBF-F145563D49D2}.AppStore|Any CPU.ActiveCfg = Debug|Any CPU
		{E9EBF5FD-9C2D-4BA0-BBBF-F145563D49D2}.AppStore|Any CPU.Build.0 = Debug|Any CPU
		{E9EBF5FD-9C2D-4BA0-BBBF-F145563D49D2}.AppStore|iPhone.ActiveCfg = Debug|Any CPU
		{E9EBF5FD-9C2D-4BA0-BBBF-F145563D49D2}.AppStore|iPhone.Build.0 = Debug|Any CPU
		{E9EBF5FD-9C2D-4BA0-BBBF-F145563D49D2}.AppStore|iPhoneSimulator.ActiveCfg = Debug|Any CPU
		{E9EBF5FD-9C2D-4BA0-BBBF-F145563D49D2}.AppStore|iPhoneSimulator.Build.0 = Debug|Any CPU
		{E9EBF5FD-9C2D-4BA0-BBBF-F145563D49D2}.Debug|Any CPU.ActiveCfg = Debug|Any CPU
		{E9EBF5FD-9C2D-4BA0-BBBF-F145563D49D2}.Debug|Any CPU.Build.0 = Debug|Any CPU
		{E9EBF5FD-9C2D-4BA0-BBBF-F145563D49D2}.Debug|iPhone.ActiveCfg = Debug|Any CPU
		{E9EBF5FD-9C2D-4BA0-BBBF-F145563D49D2}.Debug|iPhone.Build.0 = Debug|Any CPU
		{E9EBF5FD-9C2D-4BA0-BBBF-F145563D49D2}.Debug|iPhoneSimulator.ActiveCfg = Debug|Any CPU
		{E9EBF5FD-9C2D-4BA0-BBBF-F145563D49D2}.Debug|iPhoneSimulator.Build.0 = Debug|Any CPU
		{E9EBF5FD-9C2D-4BA0-BBBF-F145563D49D2}.Release|Any CPU.ActiveCfg = Release|Any CPU
		{E9EBF5FD-9C2D-4BA0-BBBF-F145563D49D2}.Release|Any CPU.Build.0 = Release|Any CPU
		{E9EBF5FD-9C2D-4BA0-BBBF-F145563D49D2}.Release|iPhone.ActiveCfg = Release|Any CPU
		{E9EBF5FD-9C2D-4BA0-BBBF-F145563D49D2}.Release|iPhone.Build.0 = Release|Any CPU
		{E9EBF5FD-9C2D-4BA0-BBBF-F145563D49D2}.Release|iPhoneSimulator.ActiveCfg = Release|Any CPU
		{E9EBF5FD-9C2D-4BA0-BBBF-F145563D49D2}.Release|iPhoneSimulator.Build.0 = Release|Any CPU
		{3097F491-9122-432E-9017-DB0AAF3DF289}.Ad-Hoc|Any CPU.ActiveCfg = Debug|Any CPU
		{3097F491-9122-432E-9017-DB0AAF3DF289}.Ad-Hoc|Any CPU.Build.0 = Debug|Any CPU
		{3097F491-9122-432E-9017-DB0AAF3DF289}.Ad-Hoc|iPhone.ActiveCfg = Debug|Any CPU
		{3097F491-9122-432E-9017-DB0AAF3DF289}.Ad-Hoc|iPhone.Build.0 = Debug|Any CPU
		{3097F491-9122-432E-9017-DB0AAF3DF289}.Ad-Hoc|iPhoneSimulator.ActiveCfg = Debug|Any CPU
		{3097F491-9122-432E-9017-DB0AAF3DF289}.Ad-Hoc|iPhoneSimulator.Build.0 = Debug|Any CPU
		{3097F491-9122-432E-9017-DB0AAF3DF289}.AppStore|Any CPU.ActiveCfg = Debug|Any CPU
		{3097F491-9122-432E-9017-DB0AAF3DF289}.AppStore|Any CPU.Build.0 = Debug|Any CPU
		{3097F491-9122-432E-9017-DB0AAF3DF289}.AppStore|iPhone.ActiveCfg = Debug|Any CPU
		{3097F491-9122-432E-9017-DB0AAF3DF289}.AppStore|iPhone.Build.0 = Debug|Any CPU
		{3097F491-9122-432E-9017-DB0AAF3DF289}.AppStore|iPhoneSimulator.ActiveCfg = Debug|Any CPU
		{3097F491-9122-432E-9017-DB0AAF3DF289}.AppStore|iPhoneSimulator.Build.0 = Debug|Any CPU
		{3097F491-9122-432E-9017-DB0AAF3DF289}.Debug|Any CPU.ActiveCfg = Debug|Any CPU
		{3097F491-9122-432E-9017-DB0AAF3DF289}.Debug|Any CPU.Build.0 = Debug|Any CPU
		{3097F491-9122-432E-9017-DB0AAF3DF289}.Debug|iPhone.ActiveCfg = Debug|Any CPU
		{3097F491-9122-432E-9017-DB0AAF3DF289}.Debug|iPhone.Build.0 = Debug|Any CPU
		{3097F491-9122-432E-9017-DB0AAF3DF289}.Debug|iPhoneSimulator.ActiveCfg = Debug|Any CPU
		{3097F491-9122-432E-9017-DB0AAF3DF289}.Debug|iPhoneSimulator.Build.0 = Debug|Any CPU
		{3097F491-9122-432E-9017-DB0AAF3DF289}.Release|Any CPU.ActiveCfg = Release|Any CPU
		{3097F491-9122-432E-9017-DB0AAF3DF289}.Release|Any CPU.Build.0 = Release|Any CPU
		{3097F491-9122-432E-9017-DB0AAF3DF289}.Release|iPhone.ActiveCfg = Release|Any CPU
		{3097F491-9122-432E-9017-DB0AAF3DF289}.Release|iPhone.Build.0 = Release|Any CPU
		{3097F491-9122-432E-9017-DB0AAF3DF289}.Release|iPhoneSimulator.ActiveCfg = Release|Any CPU
		{3097F491-9122-432E-9017-DB0AAF3DF289}.Release|iPhoneSimulator.Build.0 = Release|Any CPU
		{AA79B366-C570-4D92-A5D6-390DEAB33696}.Ad-Hoc|Any CPU.ActiveCfg = Debug|Any CPU
		{AA79B366-C570-4D92-A5D6-390DEAB33696}.Ad-Hoc|Any CPU.Build.0 = Debug|Any CPU
		{AA79B366-C570-4D92-A5D6-390DEAB33696}.Ad-Hoc|iPhone.ActiveCfg = Debug|Any CPU
		{AA79B366-C570-4D92-A5D6-390DEAB33696}.Ad-Hoc|iPhone.Build.0 = Debug|Any CPU
		{AA79B366-C570-4D92-A5D6-390DEAB33696}.Ad-Hoc|iPhoneSimulator.ActiveCfg = Debug|Any CPU
		{AA79B366-C570-4D92-A5D6-390DEAB33696}.Ad-Hoc|iPhoneSimulator.Build.0 = Debug|Any CPU
		{AA79B366-C570-4D92-A5D6-390DEAB33696}.AppStore|Any CPU.ActiveCfg = Debug|Any CPU
		{AA79B366-C570-4D92-A5D6-390DEAB33696}.AppStore|Any CPU.Build.0 = Debug|Any CPU
		{AA79B366-C570-4D92-A5D6-390DEAB33696}.AppStore|iPhone.ActiveCfg = Debug|Any CPU
		{AA79B366-C570-4D92-A5D6-390DEAB33696}.AppStore|iPhone.Build.0 = Debug|Any CPU
		{AA79B366-C570-4D92-A5D6-390DEAB33696}.AppStore|iPhoneSimulator.ActiveCfg = Debug|Any CPU
		{AA79B366-C570-4D92-A5D6-390DEAB33696}.AppStore|iPhoneSimulator.Build.0 = Debug|Any CPU
		{AA79B366-C570-4D92-A5D6-390DEAB33696}.Debug|Any CPU.ActiveCfg = Debug|Any CPU
		{AA79B366-C570-4D92-A5D6-390DEAB33696}.Debug|Any CPU.Build.0 = Debug|Any CPU
		{AA79B366-C570-4D92-A5D6-390DEAB33696}.Debug|iPhone.ActiveCfg = Debug|Any CPU
		{AA79B366-C570-4D92-A5D6-390DEAB33696}.Debug|iPhone.Build.0 = Debug|Any CPU
		{AA79B366-C570-4D92-A5D6-390DEAB33696}.Debug|iPhoneSimulator.ActiveCfg = Debug|Any CPU
		{AA79B366-C570-4D92-A5D6-390DEAB33696}.Debug|iPhoneSimulator.Build.0 = Debug|Any CPU
		{AA79B366-C570-4D92-A5D6-390DEAB33696}.Release|Any CPU.ActiveCfg = Release|Any CPU
		{AA79B366-C570-4D92-A5D6-390DEAB33696}.Release|Any CPU.Build.0 = Release|Any CPU
		{AA79B366-C570-4D92-A5D6-390DEAB33696}.Release|iPhone.ActiveCfg = Release|Any CPU
		{AA79B366-C570-4D92-A5D6-390DEAB33696}.Release|iPhone.Build.0 = Release|Any CPU
		{AA79B366-C570-4D92-A5D6-390DEAB33696}.Release|iPhoneSimulator.ActiveCfg = Release|Any CPU
		{AA79B366-C570-4D92-A5D6-390DEAB33696}.Release|iPhoneSimulator.Build.0 = Release|Any CPU
		{A6651673-86D0-4D48-863E-AAEA134DC8D0}.Ad-Hoc|Any CPU.ActiveCfg = Release|Any CPU
		{A6651673-86D0-4D48-863E-AAEA134DC8D0}.Ad-Hoc|Any CPU.Build.0 = Release|Any CPU
		{A6651673-86D0-4D48-863E-AAEA134DC8D0}.Ad-Hoc|Any CPU.Deploy.0 = Release|Any CPU
		{A6651673-86D0-4D48-863E-AAEA134DC8D0}.Ad-Hoc|iPhone.ActiveCfg = Release|Any CPU
		{A6651673-86D0-4D48-863E-AAEA134DC8D0}.Ad-Hoc|iPhone.Build.0 = Release|Any CPU
		{A6651673-86D0-4D48-863E-AAEA134DC8D0}.Ad-Hoc|iPhone.Deploy.0 = Release|Any CPU
		{A6651673-86D0-4D48-863E-AAEA134DC8D0}.Ad-Hoc|iPhoneSimulator.ActiveCfg = Release|Any CPU
		{A6651673-86D0-4D48-863E-AAEA134DC8D0}.Ad-Hoc|iPhoneSimulator.Build.0 = Release|Any CPU
		{A6651673-86D0-4D48-863E-AAEA134DC8D0}.Ad-Hoc|iPhoneSimulator.Deploy.0 = Release|Any CPU
		{A6651673-86D0-4D48-863E-AAEA134DC8D0}.AppStore|Any CPU.ActiveCfg = Release|Any CPU
		{A6651673-86D0-4D48-863E-AAEA134DC8D0}.AppStore|Any CPU.Build.0 = Release|Any CPU
		{A6651673-86D0-4D48-863E-AAEA134DC8D0}.AppStore|Any CPU.Deploy.0 = Release|Any CPU
		{A6651673-86D0-4D48-863E-AAEA134DC8D0}.AppStore|iPhone.ActiveCfg = Release|Any CPU
		{A6651673-86D0-4D48-863E-AAEA134DC8D0}.AppStore|iPhone.Build.0 = Release|Any CPU
		{A6651673-86D0-4D48-863E-AAEA134DC8D0}.AppStore|iPhone.Deploy.0 = Release|Any CPU
		{A6651673-86D0-4D48-863E-AAEA134DC8D0}.AppStore|iPhoneSimulator.ActiveCfg = Release|Any CPU
		{A6651673-86D0-4D48-863E-AAEA134DC8D0}.AppStore|iPhoneSimulator.Build.0 = Release|Any CPU
		{A6651673-86D0-4D48-863E-AAEA134DC8D0}.AppStore|iPhoneSimulator.Deploy.0 = Release|Any CPU
		{A6651673-86D0-4D48-863E-AAEA134DC8D0}.Debug|Any CPU.ActiveCfg = Debug|Any CPU
		{A6651673-86D0-4D48-863E-AAEA134DC8D0}.Debug|Any CPU.Build.0 = Debug|Any CPU
		{A6651673-86D0-4D48-863E-AAEA134DC8D0}.Debug|Any CPU.Deploy.0 = Debug|Any CPU
		{A6651673-86D0-4D48-863E-AAEA134DC8D0}.Debug|iPhone.ActiveCfg = Debug|Any CPU
		{A6651673-86D0-4D48-863E-AAEA134DC8D0}.Debug|iPhone.Build.0 = Debug|Any CPU
		{A6651673-86D0-4D48-863E-AAEA134DC8D0}.Debug|iPhone.Deploy.0 = Debug|Any CPU
		{A6651673-86D0-4D48-863E-AAEA134DC8D0}.Debug|iPhoneSimulator.ActiveCfg = Debug|Any CPU
		{A6651673-86D0-4D48-863E-AAEA134DC8D0}.Debug|iPhoneSimulator.Build.0 = Debug|Any CPU
		{A6651673-86D0-4D48-863E-AAEA134DC8D0}.Debug|iPhoneSimulator.Deploy.0 = Debug|Any CPU
		{A6651673-86D0-4D48-863E-AAEA134DC8D0}.Release|Any CPU.ActiveCfg = Release|Any CPU
		{A6651673-86D0-4D48-863E-AAEA134DC8D0}.Release|Any CPU.Build.0 = Release|Any CPU
		{A6651673-86D0-4D48-863E-AAEA134DC8D0}.Release|Any CPU.Deploy.0 = Release|Any CPU
		{A6651673-86D0-4D48-863E-AAEA134DC8D0}.Release|iPhone.ActiveCfg = Release|Any CPU
		{A6651673-86D0-4D48-863E-AAEA134DC8D0}.Release|iPhone.Build.0 = Release|Any CPU
		{A6651673-86D0-4D48-863E-AAEA134DC8D0}.Release|iPhone.Deploy.0 = Release|Any CPU
		{A6651673-86D0-4D48-863E-AAEA134DC8D0}.Release|iPhoneSimulator.ActiveCfg = Release|Any CPU
		{A6651673-86D0-4D48-863E-AAEA134DC8D0}.Release|iPhoneSimulator.Build.0 = Release|Any CPU
		{A6651673-86D0-4D48-863E-AAEA134DC8D0}.Release|iPhoneSimulator.Deploy.0 = Release|Any CPU
		{80E55D2F-B93B-4F8A-AB07-F1F8178B7ADB}.Ad-Hoc|Any CPU.ActiveCfg = Ad-Hoc|iPhone
		{80E55D2F-B93B-4F8A-AB07-F1F8178B7ADB}.Ad-Hoc|iPhone.ActiveCfg = Ad-Hoc|iPhone
		{80E55D2F-B93B-4F8A-AB07-F1F8178B7ADB}.Ad-Hoc|iPhone.Build.0 = Ad-Hoc|iPhone
		{80E55D2F-B93B-4F8A-AB07-F1F8178B7ADB}.Ad-Hoc|iPhoneSimulator.ActiveCfg = Ad-Hoc|iPhoneSimulator
		{80E55D2F-B93B-4F8A-AB07-F1F8178B7ADB}.Ad-Hoc|iPhoneSimulator.Build.0 = Ad-Hoc|iPhoneSimulator
		{80E55D2F-B93B-4F8A-AB07-F1F8178B7ADB}.AppStore|Any CPU.ActiveCfg = AppStore|iPhone
		{80E55D2F-B93B-4F8A-AB07-F1F8178B7ADB}.AppStore|iPhone.ActiveCfg = AppStore|iPhone
		{80E55D2F-B93B-4F8A-AB07-F1F8178B7ADB}.AppStore|iPhone.Build.0 = AppStore|iPhone
		{80E55D2F-B93B-4F8A-AB07-F1F8178B7ADB}.AppStore|iPhoneSimulator.ActiveCfg = AppStore|iPhoneSimulator
		{80E55D2F-B93B-4F8A-AB07-F1F8178B7ADB}.AppStore|iPhoneSimulator.Build.0 = AppStore|iPhoneSimulator
		{80E55D2F-B93B-4F8A-AB07-F1F8178B7ADB}.Debug|Any CPU.ActiveCfg = Debug|iPhone
		{80E55D2F-B93B-4F8A-AB07-F1F8178B7ADB}.Debug|Any CPU.Build.0 = Debug|iPhone
		{80E55D2F-B93B-4F8A-AB07-F1F8178B7ADB}.Debug|iPhone.ActiveCfg = Debug|iPhone
		{80E55D2F-B93B-4F8A-AB07-F1F8178B7ADB}.Debug|iPhone.Build.0 = Debug|iPhone
		{80E55D2F-B93B-4F8A-AB07-F1F8178B7ADB}.Debug|iPhoneSimulator.ActiveCfg = Debug|iPhoneSimulator
		{80E55D2F-B93B-4F8A-AB07-F1F8178B7ADB}.Debug|iPhoneSimulator.Build.0 = Debug|iPhoneSimulator
		{80E55D2F-B93B-4F8A-AB07-F1F8178B7ADB}.Release|Any CPU.ActiveCfg = Release|iPhone
		{80E55D2F-B93B-4F8A-AB07-F1F8178B7ADB}.Release|iPhone.ActiveCfg = Release|iPhone
		{80E55D2F-B93B-4F8A-AB07-F1F8178B7ADB}.Release|iPhone.Build.0 = Release|iPhone
		{80E55D2F-B93B-4F8A-AB07-F1F8178B7ADB}.Release|iPhoneSimulator.ActiveCfg = Release|iPhoneSimulator
		{80E55D2F-B93B-4F8A-AB07-F1F8178B7ADB}.Release|iPhoneSimulator.Build.0 = Release|iPhoneSimulator
	EndGlobalSection
	GlobalSection(SolutionProperties) = preSolution
		HideSolutionNode = FALSE
	EndGlobalSection
	GlobalSection(NestedProjects) = preSolution
		{C28B25D2-1615-4FCA-9F44-229B01C5D2AD} = {F6789388-6E08-4F74-A897-980FC7F8F20F}
		{F6613DB0-518D-4D06-AED9-3A4F4065E28E} = {F6789388-6E08-4F74-A897-980FC7F8F20F}
		{EE8E3761-74C6-4D87-B5B8-B2AB160A8BDE} = {F6789388-6E08-4F74-A897-980FC7F8F20F}
		{ECDD33FA-C727-46DD-9F0B-3E2F97423F5D} = {2814448A-8449-4BE5-98F6-F774D3BA9AA7}
		{3E534D35-B5A9-458E-8687-A7292A8D416C} = {5C796B68-8FB5-43EF-BB5B-E54DE7E258EF}
		{E9EBF5FD-9C2D-4BA0-BBBF-F145563D49D2} = {5C796B68-8FB5-43EF-BB5B-E54DE7E258EF}
		{3097F491-9122-432E-9017-DB0AAF3DF289} = {5C796B68-8FB5-43EF-BB5B-E54DE7E258EF}
		{AA79B366-C570-4D92-A5D6-390DEAB33696} = {5C796B68-8FB5-43EF-BB5B-E54DE7E258EF}
		{A6651673-86D0-4D48-863E-AAEA134DC8D0} = {2814448A-8449-4BE5-98F6-F774D3BA9AA7}
		{80E55D2F-B93B-4F8A-AB07-F1F8178B7ADB} = {2814448A-8449-4BE5-98F6-F774D3BA9AA7}
	EndGlobalSection
	GlobalSection(ExtensibilityGlobals) = postSolution
		SolutionGuid = {C0522A5D-3BD7-44BF-9B02-197F928C84BD}
	EndGlobalSection
EndGlobal
